
Microsoft Visual Studio Solution File, Format Version 12.00
# Visual Studio Version 16
VisualStudioVersion = 16.0.29409.12
MinimumVisualStudioVersion = 10.0.40219.1
Project("{FAE04EC0-301F-11D3-BF4B-00C04F79EFBC}") = "Tests", "Tests\Tests.csproj", "{2F233EA5-2706-4710-B9E7-CDF025D13284}"
EndProject
Project("{9A19103F-16F7-4668-BE54-9A1E7A4F7556}") = "Pomo-Shiny", "Pomo-Shiny\Pomo-Shiny.csproj", "{54CD4444-BF93-406E-AB2A-6DF12AE1CEE1}"
EndProject
Global
	GlobalSection(SolutionConfigurationPlatforms) = preSolution
		Debug|Any CPU = Debug|Any CPU
		Release|Any CPU = Release|Any CPU
	EndGlobalSection
	GlobalSection(ProjectConfigurationPlatforms) = postSolution
		{2F233EA5-2706-4710-B9E7-CDF025D13284}.Debug|Any CPU.ActiveCfg = Debug|Any CPU
		{2F233EA5-2706-4710-B9E7-CDF025D13284}.Debug|Any CPU.Build.0 = Debug|Any CPU
		{2F233EA5-2706-4710-B9E7-CDF025D13284}.Release|Any CPU.ActiveCfg = Release|Any CPU
		{2F233EA5-2706-4710-B9E7-CDF025D13284}.Release|Any CPU.Build.0 = Release|Any CPU
		{54CD4444-BF93-406E-AB2A-6DF12AE1CEE1}.Debug|Any CPU.ActiveCfg = Debug|Any CPU
		{54CD4444-BF93-406E-AB2A-6DF12AE1CEE1}.Debug|Any CPU.Build.0 = Debug|Any CPU
		{54CD4444-BF93-406E-AB2A-6DF12AE1CEE1}.Release|Any CPU.ActiveCfg = Release|Any CPU
		{54CD4444-BF93-406E-AB2A-6DF12AE1CEE1}.Release|Any CPU.Build.0 = Release|Any CPU
	EndGlobalSection
	GlobalSection(SolutionProperties) = preSolution
		HideSolutionNode = FALSE
	EndGlobalSection
	GlobalSection(ExtensibilityGlobals) = postSolution
		SolutionGuid = {B4B5FB1B-14AB-4565-B218-C72C3E31169D}
	EndGlobalSection
EndGlobal
