
Microsoft Visual Studio Solution File, Format Version 12.00
# Visual Studio Version 16
VisualStudioVersion = 16.0.29409.12
MinimumVisualStudioVersion = 10.0.40219.1
Project("{9A19103F-16F7-4668-BE54-9A1E7A4F7556}") = "Pomo-Shiny", "Pomo-Shiny\Pomo-Shiny.csproj", "{54CD4444-BF93-406E-AB2A-6DF12AE1CEE1}"
EndProject
Project("{9A19103F-16F7-4668-BE54-9A1E7A4F7556}") = "Tests", "Tests\Tests.csproj", "{5EFDA017-91A0-4222-AE35-0B633CBBF65C}"
EndProject
Project("{FAE04EC0-301F-11D3-BF4B-00C04F79EFBC}") = "Ponydoro_Common", "Ponydoro_Common\Ponydoro_Common.csproj", "{FD2956BA-8969-40F1-87B9-F472A62C8095}"
EndProject
Global
	GlobalSection(SolutionConfigurationPlatforms) = preSolution
		Debug|Any CPU = Debug|Any CPU
		Release|Any CPU = Release|Any CPU
	EndGlobalSection
	GlobalSection(ProjectConfigurationPlatforms) = postSolution
		{54CD4444-BF93-406E-AB2A-6DF12AE1CEE1}.Debug|Any CPU.ActiveCfg = Debug|Any CPU
		{54CD4444-BF93-406E-AB2A-6DF12AE1CEE1}.Debug|Any CPU.Build.0 = Debug|Any CPU
		{54CD4444-BF93-406E-AB2A-6DF12AE1CEE1}.Release|Any CPU.ActiveCfg = Release|Any CPU
		{54CD4444-BF93-406E-AB2A-6DF12AE1CEE1}.Release|Any CPU.Build.0 = Release|Any CPU
		{5EFDA017-91A0-4222-AE35-0B633CBBF65C}.Debug|Any CPU.ActiveCfg = Debug|Any CPU
		{5EFDA017-91A0-4222-AE35-0B633CBBF65C}.Debug|Any CPU.Build.0 = Debug|Any CPU
		{5EFDA017-91A0-4222-AE35-0B633CBBF65C}.Release|Any CPU.ActiveCfg = Release|Any CPU
		{5EFDA017-91A0-4222-AE35-0B633CBBF65C}.Release|Any CPU.Build.0 = Release|Any CPU
		{FD2956BA-8969-40F1-87B9-F472A62C8095}.Debug|Any CPU.ActiveCfg = Debug|Any CPU
		{FD2956BA-8969-40F1-87B9-F472A62C8095}.Debug|Any CPU.Build.0 = Debug|Any CPU
		{FD2956BA-8969-40F1-87B9-F472A62C8095}.Release|Any CPU.ActiveCfg = Release|Any CPU
		{FD2956BA-8969-40F1-87B9-F472A62C8095}.Release|Any CPU.Build.0 = Release|Any CPU
	EndGlobalSection
	GlobalSection(SolutionProperties) = preSolution
		HideSolutionNode = FALSE
	EndGlobalSection
	GlobalSection(ExtensibilityGlobals) = postSolution
		SolutionGuid = {B4B5FB1B-14AB-4565-B218-C72C3E31169D}
	EndGlobalSection
EndGlobal
